
Microsoft Visual Studio Solution File, Format Version 12.00
# Visual Studio Version 17
VisualStudioVersion = 17.8.34322.80
MinimumVisualStudioVersion = 10.0.40219.1
Project("{FAE04EC0-301F-11D3-BF4B-00C04F79EFBC}") = "Arvidsson_Mattias_Labration4", "Arvidsson_Mattias_Labration4\Arvidsson_Mattias_Labration4.csproj", "{86EF3D94-0089-4F63-8609-9544BEF6F220}"
EndProject
Global
	GlobalSection(SolutionConfigurationPlatforms) = preSolution
		Debug|Any CPU = Debug|Any CPU
		Release|Any CPU = Release|Any CPU
	EndGlobalSection
	GlobalSection(ProjectConfigurationPlatforms) = postSolution
		{86EF3D94-0089-4F63-8609-9544BEF6F220}.Debug|Any CPU.ActiveCfg = Debug|Any CPU
		{86EF3D94-0089-4F63-8609-9544BEF6F220}.Debug|Any CPU.Build.0 = Debug|Any CPU
		{86EF3D94-0089-4F63-8609-9544BEF6F220}.Release|Any CPU.ActiveCfg = Release|Any CPU
		{86EF3D94-0089-4F63-8609-9544BEF6F220}.Release|Any CPU.Build.0 = Release|Any CPU
	EndGlobalSection
	GlobalSection(SolutionProperties) = preSolution
		HideSolutionNode = FALSE
	EndGlobalSection
	GlobalSection(ExtensibilityGlobals) = postSolution
		SolutionGuid = {12CBDC14-85A9-4A97-8C70-08687227A825}
	EndGlobalSection
EndGlobal
